// !$*UTF8*$!
{
	archiveVersion = 1;
	classes = {
	};
	objectVersion = 50;
	objects = {

/* Begin PBXBuildFile section */
		43546E902251C087005A0AB7 /* AppDelegate.swift in Sources */ = {isa = PBXBuildFile; fileRef = 43546E8F2251C087005A0AB7 /* AppDelegate.swift */; };
		43546E922251C087005A0AB7 /* TripReservationViewController.swift in Sources */ = {isa = PBXBuildFile; fileRef = 43546E912251C087005A0AB7 /* TripReservationViewController.swift */; };
		43546E952251C087005A0AB7 /* Main.storyboard in Resources */ = {isa = PBXBuildFile; fileRef = 43546E932251C087005A0AB7 /* Main.storyboard */; };
		43546E972251C08A005A0AB7 /* Assets.xcassets in Resources */ = {isa = PBXBuildFile; fileRef = 43546E962251C08A005A0AB7 /* Assets.xcassets */; };
		43546E9A2251C08A005A0AB7 /* LaunchScreen.storyboard in Resources */ = {isa = PBXBuildFile; fileRef = 43546E982251C08A005A0AB7 /* LaunchScreen.storyboard */; };
		43546EA52251C08A005A0AB7 /* ExpediaTests.swift in Sources */ = {isa = PBXBuildFile; fileRef = 43546EA42251C08A005A0AB7 /* ExpediaTests.swift */; };
		43546EB02251C08A005A0AB7 /* ExpediaUITests.swift in Sources */ = {isa = PBXBuildFile; fileRef = 43546EAF2251C08A005A0AB7 /* ExpediaUITests.swift */; };
		43546EBE22523605005A0AB7 /* BasicRequired.swift in Sources */ = {isa = PBXBuildFile; fileRef = 43546EBD22523605005A0AB7 /* BasicRequired.swift */; };
		43546ECA225247B8005A0AB7 /* ScheduleViewController.swift in Sources */ = {isa = PBXBuildFile; fileRef = 43546EC9225247B8005A0AB7 /* ScheduleViewController.swift */; };
		43546ED022530262005A0AB7 /* BeforeLoginTableViewCell.swift in Sources */ = {isa = PBXBuildFile; fileRef = 43546ECE22530262005A0AB7 /* BeforeLoginTableViewCell.swift */; };
		43546ED122530262005A0AB7 /* BeforeLoginTableViewCell.xib in Resources */ = {isa = PBXBuildFile; fileRef = 43546ECF22530262005A0AB7 /* BeforeLoginTableViewCell.xib */; };
		43546ED422533136005A0AB7 /* EightPriceHotelTableViewCell.swift in Sources */ = {isa = PBXBuildFile; fileRef = 43546ED222533136005A0AB7 /* EightPriceHotelTableViewCell.swift */; };
		43546ED522533136005A0AB7 /* EightPriceHotelTableViewCell.xib in Resources */ = {isa = PBXBuildFile; fileRef = 43546ED322533136005A0AB7 /* EightPriceHotelTableViewCell.xib */; };
		43546EDC22537D3D005A0AB7 /* TodayPriceTableViewCell.swift in Sources */ = {isa = PBXBuildFile; fileRef = 43546EDA22537D3D005A0AB7 /* TodayPriceTableViewCell.swift */; };
		43546EDD22537D3D005A0AB7 /* TodayPriceTableViewCell.xib in Resources */ = {isa = PBXBuildFile; fileRef = 43546EDB22537D3D005A0AB7 /* TodayPriceTableViewCell.xib */; };
		43546EE022538670005A0AB7 /* DayDayPriceTableViewCell.swift in Sources */ = {isa = PBXBuildFile; fileRef = 43546EDE22538670005A0AB7 /* DayDayPriceTableViewCell.swift */; };
		43546EE122538670005A0AB7 /* DayDayPriceTableViewCell.xib in Resources */ = {isa = PBXBuildFile; fileRef = 43546EDF22538670005A0AB7 /* DayDayPriceTableViewCell.xib */; };
		43546EE42253A74D005A0AB7 /* LimitedDatePriceTableViewCell.swift in Sources */ = {isa = PBXBuildFile; fileRef = 43546EE22253A74D005A0AB7 /* LimitedDatePriceTableViewCell.swift */; };
		43546EE52253A74D005A0AB7 /* LimitedDatePriceTableViewCell.xib in Resources */ = {isa = PBXBuildFile; fileRef = 43546EE32253A74D005A0AB7 /* LimitedDatePriceTableViewCell.xib */; };
		43546EEB2254E2DF005A0AB7 /* LoginOrRegisterViewController.swift in Sources */ = {isa = PBXBuildFile; fileRef = 43546EEA2254E2DF005A0AB7 /* LoginOrRegisterViewController.swift */; };
		A2B34D64DC4FEC8DC0BBC5CB /* Pods_ExpediaUITests.framework in Frameworks */ = {isa = PBXBuildFile; fileRef = C416573140C4A01AFC4D09E4 /* Pods_ExpediaUITests.framework */; };
		ADF06054F8E02AC0CE41BA26 /* Pods_ExpediaTests.framework in Frameworks */ = {isa = PBXBuildFile; fileRef = F0CC6EDE197E229CE6727F77 /* Pods_ExpediaTests.framework */; };
		BE9026435F7FF3F07733BA88 /* Pods_Expedia.framework in Frameworks */ = {isa = PBXBuildFile; fileRef = A72A19F3363A26ABBE0CFA47 /* Pods_Expedia.framework */; };
/* End PBXBuildFile section */

/* Begin PBXContainerItemProxy section */
		43546EA12251C08A005A0AB7 /* PBXContainerItemProxy */ = {
			isa = PBXContainerItemProxy;
			containerPortal = 43546E842251C087005A0AB7 /* Project object */;
			proxyType = 1;
			remoteGlobalIDString = 43546E8B2251C087005A0AB7;
			remoteInfo = Expedia;
		};
		43546EAC2251C08A005A0AB7 /* PBXContainerItemProxy */ = {
			isa = PBXContainerItemProxy;
			containerPortal = 43546E842251C087005A0AB7 /* Project object */;
			proxyType = 1;
			remoteGlobalIDString = 43546E8B2251C087005A0AB7;
			remoteInfo = Expedia;
		};
/* End PBXContainerItemProxy section */

/* Begin PBXFileReference section */
		378C09F7F89F0B9622D594A1 /* Pods-Expedia.release.xcconfig */ = {isa = PBXFileReference; includeInIndex = 1; lastKnownFileType = text.xcconfig; name = "Pods-Expedia.release.xcconfig"; path = "Target Support Files/Pods-Expedia/Pods-Expedia.release.xcconfig"; sourceTree = "<group>"; };
		43546E8C2251C087005A0AB7 /* Expedia.app */ = {isa = PBXFileReference; explicitFileType = wrapper.application; includeInIndex = 0; path = Expedia.app; sourceTree = BUILT_PRODUCTS_DIR; };
		43546E8F2251C087005A0AB7 /* AppDelegate.swift */ = {isa = PBXFileReference; lastKnownFileType = sourcecode.swift; path = AppDelegate.swift; sourceTree = "<group>"; };
		43546E912251C087005A0AB7 /* TripReservationViewController.swift */ = {isa = PBXFileReference; lastKnownFileType = sourcecode.swift; path = TripReservationViewController.swift; sourceTree = "<group>"; };
		43546E942251C087005A0AB7 /* Base */ = {isa = PBXFileReference; lastKnownFileType = file.storyboard; name = Base; path = Base.lproj/Main.storyboard; sourceTree = "<group>"; };
		43546E962251C08A005A0AB7 /* Assets.xcassets */ = {isa = PBXFileReference; lastKnownFileType = folder.assetcatalog; path = Assets.xcassets; sourceTree = "<group>"; };
		43546E992251C08A005A0AB7 /* Base */ = {isa = PBXFileReference; lastKnownFileType = file.storyboard; name = Base; path = Base.lproj/LaunchScreen.storyboard; sourceTree = "<group>"; };
		43546E9B2251C08A005A0AB7 /* Info.plist */ = {isa = PBXFileReference; lastKnownFileType = text.plist.xml; path = Info.plist; sourceTree = "<group>"; };
		43546EA02251C08A005A0AB7 /* ExpediaTests.xctest */ = {isa = PBXFileReference; explicitFileType = wrapper.cfbundle; includeInIndex = 0; path = ExpediaTests.xctest; sourceTree = BUILT_PRODUCTS_DIR; };
		43546EA42251C08A005A0AB7 /* ExpediaTests.swift */ = {isa = PBXFileReference; lastKnownFileType = sourcecode.swift; path = ExpediaTests.swift; sourceTree = "<group>"; };
		43546EA62251C08A005A0AB7 /* Info.plist */ = {isa = PBXFileReference; lastKnownFileType = text.plist.xml; path = Info.plist; sourceTree = "<group>"; };
		43546EAB2251C08A005A0AB7 /* ExpediaUITests.xctest */ = {isa = PBXFileReference; explicitFileType = wrapper.cfbundle; includeInIndex = 0; path = ExpediaUITests.xctest; sourceTree = BUILT_PRODUCTS_DIR; };
		43546EAF2251C08A005A0AB7 /* ExpediaUITests.swift */ = {isa = PBXFileReference; lastKnownFileType = sourcecode.swift; path = ExpediaUITests.swift; sourceTree = "<group>"; };
		43546EB12251C08A005A0AB7 /* Info.plist */ = {isa = PBXFileReference; lastKnownFileType = text.plist.xml; path = Info.plist; sourceTree = "<group>"; };
		43546EBD22523605005A0AB7 /* BasicRequired.swift */ = {isa = PBXFileReference; lastKnownFileType = sourcecode.swift; path = BasicRequired.swift; sourceTree = "<group>"; };
		43546EC9225247B8005A0AB7 /* ScheduleViewController.swift */ = {isa = PBXFileReference; lastKnownFileType = sourcecode.swift; path = ScheduleViewController.swift; sourceTree = "<group>"; };
		43546ECE22530262005A0AB7 /* BeforeLoginTableViewCell.swift */ = {isa = PBXFileReference; lastKnownFileType = sourcecode.swift; path = BeforeLoginTableViewCell.swift; sourceTree = "<group>"; };
		43546ECF22530262005A0AB7 /* BeforeLoginTableViewCell.xib */ = {isa = PBXFileReference; lastKnownFileType = file.xib; path = BeforeLoginTableViewCell.xib; sourceTree = "<group>"; };
		43546ED222533136005A0AB7 /* EightPriceHotelTableViewCell.swift */ = {isa = PBXFileReference; lastKnownFileType = sourcecode.swift; path = EightPriceHotelTableViewCell.swift; sourceTree = "<group>"; };
		43546ED322533136005A0AB7 /* EightPriceHotelTableViewCell.xib */ = {isa = PBXFileReference; lastKnownFileType = file.xib; path = EightPriceHotelTableViewCell.xib; sourceTree = "<group>"; };
		43546EDA22537D3D005A0AB7 /* TodayPriceTableViewCell.swift */ = {isa = PBXFileReference; lastKnownFileType = sourcecode.swift; path = TodayPriceTableViewCell.swift; sourceTree = "<group>"; };
		43546EDB22537D3D005A0AB7 /* TodayPriceTableViewCell.xib */ = {isa = PBXFileReference; lastKnownFileType = file.xib; path = TodayPriceTableViewCell.xib; sourceTree = "<group>"; };
		43546EDE22538670005A0AB7 /* DayDayPriceTableViewCell.swift */ = {isa = PBXFileReference; lastKnownFileType = sourcecode.swift; path = DayDayPriceTableViewCell.swift; sourceTree = "<group>"; };
		43546EDF22538670005A0AB7 /* DayDayPriceTableViewCell.xib */ = {isa = PBXFileReference; lastKnownFileType = file.xib; path = DayDayPriceTableViewCell.xib; sourceTree = "<group>"; };
		43546EE22253A74D005A0AB7 /* LimitedDatePriceTableViewCell.swift */ = {isa = PBXFileReference; lastKnownFileType = sourcecode.swift; path = LimitedDatePriceTableViewCell.swift; sourceTree = "<group>"; };
		43546EE32253A74D005A0AB7 /* LimitedDatePriceTableViewCell.xib */ = {isa = PBXFileReference; lastKnownFileType = file.xib; path = LimitedDatePriceTableViewCell.xib; sourceTree = "<group>"; };
		43546EEA2254E2DF005A0AB7 /* LoginOrRegisterViewController.swift */ = {isa = PBXFileReference; lastKnownFileType = sourcecode.swift; path = LoginOrRegisterViewController.swift; sourceTree = "<group>"; };
		5CA5734601FFAD9FE7212535 /* Pods-Expedia.debug.xcconfig */ = {isa = PBXFileReference; includeInIndex = 1; lastKnownFileType = text.xcconfig; name = "Pods-Expedia.debug.xcconfig"; path = "Target Support Files/Pods-Expedia/Pods-Expedia.debug.xcconfig"; sourceTree = "<group>"; };
		8AA5024A2DBF299A76E4DE23 /* Pods-ExpediaTests.release.xcconfig */ = {isa = PBXFileReference; includeInIndex = 1; lastKnownFileType = text.xcconfig; name = "Pods-ExpediaTests.release.xcconfig"; path = "Target Support Files/Pods-ExpediaTests/Pods-ExpediaTests.release.xcconfig"; sourceTree = "<group>"; };
		949CE30D6BDD36085C79E80B /* Pods-ExpediaTests.debug.xcconfig */ = {isa = PBXFileReference; includeInIndex = 1; lastKnownFileType = text.xcconfig; name = "Pods-ExpediaTests.debug.xcconfig"; path = "Target Support Files/Pods-ExpediaTests/Pods-ExpediaTests.debug.xcconfig"; sourceTree = "<group>"; };
		A72A19F3363A26ABBE0CFA47 /* Pods_Expedia.framework */ = {isa = PBXFileReference; explicitFileType = wrapper.framework; includeInIndex = 0; path = Pods_Expedia.framework; sourceTree = BUILT_PRODUCTS_DIR; };
		C416573140C4A01AFC4D09E4 /* Pods_ExpediaUITests.framework */ = {isa = PBXFileReference; explicitFileType = wrapper.framework; includeInIndex = 0; path = Pods_ExpediaUITests.framework; sourceTree = BUILT_PRODUCTS_DIR; };
		CD7E3FBFD38A929E2E8E4E42 /* Pods-ExpediaUITests.release.xcconfig */ = {isa = PBXFileReference; includeInIndex = 1; lastKnownFileType = text.xcconfig; name = "Pods-ExpediaUITests.release.xcconfig"; path = "Target Support Files/Pods-ExpediaUITests/Pods-ExpediaUITests.release.xcconfig"; sourceTree = "<group>"; };
		F0CC6EDE197E229CE6727F77 /* Pods_ExpediaTests.framework */ = {isa = PBXFileReference; explicitFileType = wrapper.framework; includeInIndex = 0; path = Pods_ExpediaTests.framework; sourceTree = BUILT_PRODUCTS_DIR; };
		F5BC6D27600D15E7EAF93817 /* Pods-ExpediaUITests.debug.xcconfig */ = {isa = PBXFileReference; includeInIndex = 1; lastKnownFileType = text.xcconfig; name = "Pods-ExpediaUITests.debug.xcconfig"; path = "Target Support Files/Pods-ExpediaUITests/Pods-ExpediaUITests.debug.xcconfig"; sourceTree = "<group>"; };
/* End PBXFileReference section */

/* Begin PBXFrameworksBuildPhase section */
		43546E892251C087005A0AB7 /* Frameworks */ = {
			isa = PBXFrameworksBuildPhase;
			buildActionMask = 2147483647;
			files = (
				BE9026435F7FF3F07733BA88 /* Pods_Expedia.framework in Frameworks */,
			);
			runOnlyForDeploymentPostprocessing = 0;
		};
		43546E9D2251C08A005A0AB7 /* Frameworks */ = {
			isa = PBXFrameworksBuildPhase;
			buildActionMask = 2147483647;
			files = (
				ADF06054F8E02AC0CE41BA26 /* Pods_ExpediaTests.framework in Frameworks */,
			);
			runOnlyForDeploymentPostprocessing = 0;
		};
		43546EA82251C08A005A0AB7 /* Frameworks */ = {
			isa = PBXFrameworksBuildPhase;
			buildActionMask = 2147483647;
			files = (
				A2B34D64DC4FEC8DC0BBC5CB /* Pods_ExpediaUITests.framework in Frameworks */,
			);
			runOnlyForDeploymentPostprocessing = 0;
		};
/* End PBXFrameworksBuildPhase section */

/* Begin PBXGroup section */
		43546E832251C087005A0AB7 = {
			isa = PBXGroup;
			children = (
				43546E8E2251C087005A0AB7 /* Expedia */,
				43546EA32251C08A005A0AB7 /* ExpediaTests */,
				43546EAE2251C08A005A0AB7 /* ExpediaUITests */,
				43546E8D2251C087005A0AB7 /* Products */,
				475F70627A80C556024BE110 /* Pods */,
				B3AE308DF50206709E1F0A0C /* Frameworks */,
			);
			sourceTree = "<group>";
		};
		43546E8D2251C087005A0AB7 /* Products */ = {
			isa = PBXGroup;
			children = (
				43546E8C2251C087005A0AB7 /* Expedia.app */,
				43546EA02251C08A005A0AB7 /* ExpediaTests.xctest */,
				43546EAB2251C08A005A0AB7 /* ExpediaUITests.xctest */,
			);
			name = Products;
			sourceTree = "<group>";
		};
		43546E8E2251C087005A0AB7 /* Expedia */ = {
			isa = PBXGroup;
			children = (
				43546EC022524392005A0AB7 /* TripReservartion */,
				43546EC82252473F005A0AB7 /* Schedule */,
				43546E8F2251C087005A0AB7 /* AppDelegate.swift */,
				43546EEA2254E2DF005A0AB7 /* LoginOrRegisterViewController.swift */,
				43546E932251C087005A0AB7 /* Main.storyboard */,
				43546E962251C08A005A0AB7 /* Assets.xcassets */,
				43546E982251C08A005A0AB7 /* LaunchScreen.storyboard */,
				43546E9B2251C08A005A0AB7 /* Info.plist */,
				43546EBD22523605005A0AB7 /* BasicRequired.swift */,
			);
			path = Expedia;
			sourceTree = "<group>";
		};
		43546EA32251C08A005A0AB7 /* ExpediaTests */ = {
			isa = PBXGroup;
			children = (
				43546EA42251C08A005A0AB7 /* ExpediaTests.swift */,
				43546EA62251C08A005A0AB7 /* Info.plist */,
			);
			path = ExpediaTests;
			sourceTree = "<group>";
		};
		43546EAE2251C08A005A0AB7 /* ExpediaUITests */ = {
			isa = PBXGroup;
			children = (
				43546EAF2251C08A005A0AB7 /* ExpediaUITests.swift */,
				43546EB12251C08A005A0AB7 /* Info.plist */,
			);
			path = ExpediaUITests;
			sourceTree = "<group>";
		};
		43546EC022524392005A0AB7 /* TripReservartion */ = {
			isa = PBXGroup;
			children = (
				43546E912251C087005A0AB7 /* TripReservationViewController.swift */,
				43546ECD225301EE005A0AB7 /* TRCustomCell */,
			);
			path = TripReservartion;
			sourceTree = "<group>";
		};
		43546EC82252473F005A0AB7 /* Schedule */ = {
			isa = PBXGroup;
			children = (
				43546EC9225247B8005A0AB7 /* ScheduleViewController.swift */,
			);
			path = Schedule;
			sourceTree = "<group>";
		};
		43546ECD225301EE005A0AB7 /* TRCustomCell */ = {
			isa = PBXGroup;
			children = (
				43546ECE22530262005A0AB7 /* BeforeLoginTableViewCell.swift */,
				43546ECF22530262005A0AB7 /* BeforeLoginTableViewCell.xib */,
				43546ED222533136005A0AB7 /* EightPriceHotelTableViewCell.swift */,
				43546ED322533136005A0AB7 /* EightPriceHotelTableViewCell.xib */,
				43546EDA22537D3D005A0AB7 /* TodayPriceTableViewCell.swift */,
				43546EDB22537D3D005A0AB7 /* TodayPriceTableViewCell.xib */,
				43546EDE22538670005A0AB7 /* DayDayPriceTableViewCell.swift */,
				43546EDF22538670005A0AB7 /* DayDayPriceTableViewCell.xib */,
				43546EE22253A74D005A0AB7 /* LimitedDatePriceTableViewCell.swift */,
				43546EE32253A74D005A0AB7 /* LimitedDatePriceTableViewCell.xib */,
			);
			path = TRCustomCell;
			sourceTree = "<group>";
		};
		475F70627A80C556024BE110 /* Pods */ = {
			isa = PBXGroup;
			children = (
				5CA5734601FFAD9FE7212535 /* Pods-Expedia.debug.xcconfig */,
				378C09F7F89F0B9622D594A1 /* Pods-Expedia.release.xcconfig */,
				949CE30D6BDD36085C79E80B /* Pods-ExpediaTests.debug.xcconfig */,
				8AA5024A2DBF299A76E4DE23 /* Pods-ExpediaTests.release.xcconfig */,
				F5BC6D27600D15E7EAF93817 /* Pods-ExpediaUITests.debug.xcconfig */,
				CD7E3FBFD38A929E2E8E4E42 /* Pods-ExpediaUITests.release.xcconfig */,
			);
			path = Pods;
			sourceTree = "<group>";
		};
		B3AE308DF50206709E1F0A0C /* Frameworks */ = {
			isa = PBXGroup;
			children = (
				A72A19F3363A26ABBE0CFA47 /* Pods_Expedia.framework */,
				F0CC6EDE197E229CE6727F77 /* Pods_ExpediaTests.framework */,
				C416573140C4A01AFC4D09E4 /* Pods_ExpediaUITests.framework */,
			);
			name = Frameworks;
			sourceTree = "<group>";
		};
/* End PBXGroup section */

/* Begin PBXNativeTarget section */
		43546E8B2251C087005A0AB7 /* Expedia */ = {
			isa = PBXNativeTarget;
			buildConfigurationList = 43546EB42251C08A005A0AB7 /* Build configuration list for PBXNativeTarget "Expedia" */;
			buildPhases = (
				49447F5726060C0B7AD93790 /* [CP] Check Pods Manifest.lock */,
				43546E882251C087005A0AB7 /* Sources */,
				43546E892251C087005A0AB7 /* Frameworks */,
				43546E8A2251C087005A0AB7 /* Resources */,
				4A41CBCDFCA76F9F2EFC22B6 /* [CP] Embed Pods Frameworks */,
			);
			buildRules = (
			);
			dependencies = (
			);
			name = Expedia;
			productName = Expedia;
			productReference = 43546E8C2251C087005A0AB7 /* Expedia.app */;
			productType = "com.apple.product-type.application";
		};
		43546E9F2251C08A005A0AB7 /* ExpediaTests */ = {
			isa = PBXNativeTarget;
			buildConfigurationList = 43546EB72251C08A005A0AB7 /* Build configuration list for PBXNativeTarget "ExpediaTests" */;
			buildPhases = (
				73B329CFA4FA6A07A277C8E1 /* [CP] Check Pods Manifest.lock */,
				43546E9C2251C08A005A0AB7 /* Sources */,
				43546E9D2251C08A005A0AB7 /* Frameworks */,
				43546E9E2251C08A005A0AB7 /* Resources */,
			);
			buildRules = (
			);
			dependencies = (
				43546EA22251C08A005A0AB7 /* PBXTargetDependency */,
			);
			name = ExpediaTests;
			productName = ExpediaTests;
			productReference = 43546EA02251C08A005A0AB7 /* ExpediaTests.xctest */;
			productType = "com.apple.product-type.bundle.unit-test";
		};
		43546EAA2251C08A005A0AB7 /* ExpediaUITests */ = {
			isa = PBXNativeTarget;
			buildConfigurationList = 43546EBA2251C08A005A0AB7 /* Build configuration list for PBXNativeTarget "ExpediaUITests" */;
			buildPhases = (
				DEF117D64EC624B4044D9CAB /* [CP] Check Pods Manifest.lock */,
				43546EA72251C08A005A0AB7 /* Sources */,
				43546EA82251C08A005A0AB7 /* Frameworks */,
				43546EA92251C08A005A0AB7 /* Resources */,
			);
			buildRules = (
			);
			dependencies = (
				43546EAD2251C08A005A0AB7 /* PBXTargetDependency */,
			);
			name = ExpediaUITests;
			productName = ExpediaUITests;
			productReference = 43546EAB2251C08A005A0AB7 /* ExpediaUITests.xctest */;
			productType = "com.apple.product-type.bundle.ui-testing";
		};
/* End PBXNativeTarget section */

/* Begin PBXProject section */
		43546E842251C087005A0AB7 /* Project object */ = {
			isa = PBXProject;
			attributes = {
				LastSwiftUpdateCheck = 1020;
				LastUpgradeCheck = 1020;
				ORGANIZATIONNAME = "YooBin Jo";
				TargetAttributes = {
					43546E8B2251C087005A0AB7 = {
						CreatedOnToolsVersion = 10.2;
					};
					43546E9F2251C08A005A0AB7 = {
						CreatedOnToolsVersion = 10.2;
						TestTargetID = 43546E8B2251C087005A0AB7;
					};
					43546EAA2251C08A005A0AB7 = {
						CreatedOnToolsVersion = 10.2;
						TestTargetID = 43546E8B2251C087005A0AB7;
					};
				};
			};
			buildConfigurationList = 43546E872251C087005A0AB7 /* Build configuration list for PBXProject "Expedia" */;
			compatibilityVersion = "Xcode 9.3";
			developmentRegion = en;
			hasScannedForEncodings = 0;
			knownRegions = (
				en,
				Base,
			);
			mainGroup = 43546E832251C087005A0AB7;
			productRefGroup = 43546E8D2251C087005A0AB7 /* Products */;
			projectDirPath = "";
			projectRoot = "";
			targets = (
				43546E8B2251C087005A0AB7 /* Expedia */,
				43546E9F2251C08A005A0AB7 /* ExpediaTests */,
				43546EAA2251C08A005A0AB7 /* ExpediaUITests */,
			);
		};
/* End PBXProject section */

/* Begin PBXResourcesBuildPhase section */
		43546E8A2251C087005A0AB7 /* Resources */ = {
			isa = PBXResourcesBuildPhase;
			buildActionMask = 2147483647;
			files = (
				43546ED122530262005A0AB7 /* BeforeLoginTableViewCell.xib in Resources */,
				43546E9A2251C08A005A0AB7 /* LaunchScreen.storyboard in Resources */,
				43546EE52253A74D005A0AB7 /* LimitedDatePriceTableViewCell.xib in Resources */,
				43546E972251C08A005A0AB7 /* Assets.xcassets in Resources */,
				43546EDD22537D3D005A0AB7 /* TodayPriceTableViewCell.xib in Resources */,
				43546EE122538670005A0AB7 /* DayDayPriceTableViewCell.xib in Resources */,
				43546ED522533136005A0AB7 /* EightPriceHotelTableViewCell.xib in Resources */,
				43546E952251C087005A0AB7 /* Main.storyboard in Resources */,
			);
			runOnlyForDeploymentPostprocessing = 0;
		};
		43546E9E2251C08A005A0AB7 /* Resources */ = {
			isa = PBXResourcesBuildPhase;
			buildActionMask = 2147483647;
			files = (
			);
			runOnlyForDeploymentPostprocessing = 0;
		};
		43546EA92251C08A005A0AB7 /* Resources */ = {
			isa = PBXResourcesBuildPhase;
			buildActionMask = 2147483647;
			files = (
			);
			runOnlyForDeploymentPostprocessing = 0;
		};
/* End PBXResourcesBuildPhase section */

/* Begin PBXShellScriptBuildPhase section */
		49447F5726060C0B7AD93790 /* [CP] Check Pods Manifest.lock */ = {
			isa = PBXShellScriptBuildPhase;
			buildActionMask = 2147483647;
			files = (
			);
			inputFileListPaths = (
			);
			inputPaths = (
				"${PODS_PODFILE_DIR_PATH}/Podfile.lock",
				"${PODS_ROOT}/Manifest.lock",
			);
			name = "[CP] Check Pods Manifest.lock";
			outputFileListPaths = (
			);
			outputPaths = (
				"$(DERIVED_FILE_DIR)/Pods-Expedia-checkManifestLockResult.txt",
			);
			runOnlyForDeploymentPostprocessing = 0;
			shellPath = /bin/sh;
			shellScript = "diff \"${PODS_PODFILE_DIR_PATH}/Podfile.lock\" \"${PODS_ROOT}/Manifest.lock\" > /dev/null\nif [ $? != 0 ] ; then\n    # print error to STDERR\n    echo \"error: The sandbox is not in sync with the Podfile.lock. Run 'pod install' or update your CocoaPods installation.\" >&2\n    exit 1\nfi\n# This output is used by Xcode 'outputs' to avoid re-running this script phase.\necho \"SUCCESS\" > \"${SCRIPT_OUTPUT_FILE_0}\"\n";
			showEnvVarsInLog = 0;
		};
		4A41CBCDFCA76F9F2EFC22B6 /* [CP] Embed Pods Frameworks */ = {
			isa = PBXShellScriptBuildPhase;
			buildActionMask = 2147483647;
			files = (
			);
			inputFileListPaths = (
			);
			inputPaths = (
				"${PODS_ROOT}/Target Support Files/Pods-Expedia/Pods-Expedia-frameworks.sh",
				"${BUILT_PRODUCTS_DIR}/Alamofire/Alamofire.framework",
				"${BUILT_PRODUCTS_DIR}/ObjectMapper/ObjectMapper.framework",
				"${BUILT_PRODUCTS_DIR}/SwiftyJSON/SwiftyJSON.framework",
				"${BUILT_PRODUCTS_DIR}/XLPagerTabStrip/XLPagerTabStrip.framework",
			);
			name = "[CP] Embed Pods Frameworks";
			outputFileListPaths = (
			);
			outputPaths = (
				"${TARGET_BUILD_DIR}/${FRAMEWORKS_FOLDER_PATH}/Alamofire.framework",
				"${TARGET_BUILD_DIR}/${FRAMEWORKS_FOLDER_PATH}/ObjectMapper.framework",
				"${TARGET_BUILD_DIR}/${FRAMEWORKS_FOLDER_PATH}/SwiftyJSON.framework",
				"${TARGET_BUILD_DIR}/${FRAMEWORKS_FOLDER_PATH}/XLPagerTabStrip.framework",
			);
			runOnlyForDeploymentPostprocessing = 0;
			shellPath = /bin/sh;
			shellScript = "\"${PODS_ROOT}/Target Support Files/Pods-Expedia/Pods-Expedia-frameworks.sh\"\n";
			showEnvVarsInLog = 0;
		};
		73B329CFA4FA6A07A277C8E1 /* [CP] Check Pods Manifest.lock */ = {
			isa = PBXShellScriptBuildPhase;
			buildActionMask = 2147483647;
			files = (
			);
			inputFileListPaths = (
			);
			inputPaths = (
				"${PODS_PODFILE_DIR_PATH}/Podfile.lock",
				"${PODS_ROOT}/Manifest.lock",
			);
			name = "[CP] Check Pods Manifest.lock";
			outputFileListPaths = (
			);
			outputPaths = (
				"$(DERIVED_FILE_DIR)/Pods-ExpediaTests-checkManifestLockResult.txt",
			);
			runOnlyForDeploymentPostprocessing = 0;
			shellPath = /bin/sh;
			shellScript = "diff \"${PODS_PODFILE_DIR_PATH}/Podfile.lock\" \"${PODS_ROOT}/Manifest.lock\" > /dev/null\nif [ $? != 0 ] ; then\n    # print error to STDERR\n    echo \"error: The sandbox is not in sync with the Podfile.lock. Run 'pod install' or update your CocoaPods installation.\" >&2\n    exit 1\nfi\n# This output is used by Xcode 'outputs' to avoid re-running this script phase.\necho \"SUCCESS\" > \"${SCRIPT_OUTPUT_FILE_0}\"\n";
			showEnvVarsInLog = 0;
		};
		DEF117D64EC624B4044D9CAB /* [CP] Check Pods Manifest.lock */ = {
			isa = PBXShellScriptBuildPhase;
			buildActionMask = 2147483647;
			files = (
			);
			inputFileListPaths = (
			);
			inputPaths = (
				"${PODS_PODFILE_DIR_PATH}/Podfile.lock",
				"${PODS_ROOT}/Manifest.lock",
			);
			name = "[CP] Check Pods Manifest.lock";
			outputFileListPaths = (
			);
			outputPaths = (
				"$(DERIVED_FILE_DIR)/Pods-ExpediaUITests-checkManifestLockResult.txt",
			);
			runOnlyForDeploymentPostprocessing = 0;
			shellPath = /bin/sh;
			shellScript = "diff \"${PODS_PODFILE_DIR_PATH}/Podfile.lock\" \"${PODS_ROOT}/Manifest.lock\" > /dev/null\nif [ $? != 0 ] ; then\n    # print error to STDERR\n    echo \"error: The sandbox is not in sync with the Podfile.lock. Run 'pod install' or update your CocoaPods installation.\" >&2\n    exit 1\nfi\n# This output is used by Xcode 'outputs' to avoid re-running this script phase.\necho \"SUCCESS\" > \"${SCRIPT_OUTPUT_FILE_0}\"\n";
			showEnvVarsInLog = 0;
		};
/* End PBXShellScriptBuildPhase section */

/* Begin PBXSourcesBuildPhase section */
		43546E882251C087005A0AB7 /* Sources */ = {
			isa = PBXSourcesBuildPhase;
			buildActionMask = 2147483647;
			files = (
				43546ED422533136005A0AB7 /* EightPriceHotelTableViewCell.swift in Sources */,
				43546EDC22537D3D005A0AB7 /* TodayPriceTableViewCell.swift in Sources */,
				43546E922251C087005A0AB7 /* TripReservationViewController.swift in Sources */,
				43546EE022538670005A0AB7 /* DayDayPriceTableViewCell.swift in Sources */,
				43546EE42253A74D005A0AB7 /* LimitedDatePriceTableViewCell.swift in Sources */,
				43546ED022530262005A0AB7 /* BeforeLoginTableViewCell.swift in Sources */,
				43546EEB2254E2DF005A0AB7 /* LoginOrRegisterViewController.swift in Sources */,
				43546E902251C087005A0AB7 /* AppDelegate.swift in Sources */,
				43546EBE22523605005A0AB7 /* BasicRequired.swift in Sources */,
				43546ECA225247B8005A0AB7 /* ScheduleViewController.swift in Sources */,
			);
			runOnlyForDeploymentPostprocessing = 0;
		};
		43546E9C2251C08A005A0AB7 /* Sources */ = {
			isa = PBXSourcesBuildPhase;
			buildActionMask = 2147483647;
			files = (
				43546EA52251C08A005A0AB7 /* ExpediaTests.swift in Sources */,
			);
			runOnlyForDeploymentPostprocessing = 0;
		};
		43546EA72251C08A005A0AB7 /* Sources */ = {
			isa = PBXSourcesBuildPhase;
			buildActionMask = 2147483647;
			files = (
				43546EB02251C08A005A0AB7 /* ExpediaUITests.swift in Sources */,
			);
			runOnlyForDeploymentPostprocessing = 0;
		};
/* End PBXSourcesBuildPhase section */

/* Begin PBXTargetDependency section */
		43546EA22251C08A005A0AB7 /* PBXTargetDependency */ = {
			isa = PBXTargetDependency;
			target = 43546E8B2251C087005A0AB7 /* Expedia */;
			targetProxy = 43546EA12251C08A005A0AB7 /* PBXContainerItemProxy */;
		};
		43546EAD2251C08A005A0AB7 /* PBXTargetDependency */ = {
			isa = PBXTargetDependency;
			target = 43546E8B2251C087005A0AB7 /* Expedia */;
			targetProxy = 43546EAC2251C08A005A0AB7 /* PBXContainerItemProxy */;
		};
/* End PBXTargetDependency section */

/* Begin PBXVariantGroup section */
		43546E932251C087005A0AB7 /* Main.storyboard */ = {
			isa = PBXVariantGroup;
			children = (
				43546E942251C087005A0AB7 /* Base */,
			);
			name = Main.storyboard;
			sourceTree = "<group>";
		};
		43546E982251C08A005A0AB7 /* LaunchScreen.storyboard */ = {
			isa = PBXVariantGroup;
			children = (
				43546E992251C08A005A0AB7 /* Base */,
			);
			name = LaunchScreen.storyboard;
			sourceTree = "<group>";
		};
/* End PBXVariantGroup section */

/* Begin XCBuildConfiguration section */
		43546EB22251C08A005A0AB7 /* Debug */ = {
			isa = XCBuildConfiguration;
			buildSettings = {
				ALWAYS_SEARCH_USER_PATHS = NO;
				CLANG_ANALYZER_NONNULL = YES;
				CLANG_ANALYZER_NUMBER_OBJECT_CONVERSION = YES_AGGRESSIVE;
				CLANG_CXX_LANGUAGE_STANDARD = "gnu++14";
				CLANG_CXX_LIBRARY = "libc++";
				CLANG_ENABLE_MODULES = YES;
				CLANG_ENABLE_OBJC_ARC = YES;
				CLANG_ENABLE_OBJC_WEAK = YES;
				CLANG_WARN_BLOCK_CAPTURE_AUTORELEASING = YES;
				CLANG_WARN_BOOL_CONVERSION = YES;
				CLANG_WARN_COMMA = YES;
				CLANG_WARN_CONSTANT_CONVERSION = YES;
				CLANG_WARN_DEPRECATED_OBJC_IMPLEMENTATIONS = YES;
				CLANG_WARN_DIRECT_OBJC_ISA_USAGE = YES_ERROR;
				CLANG_WARN_DOCUMENTATION_COMMENTS = YES;
				CLANG_WARN_EMPTY_BODY = YES;
				CLANG_WARN_ENUM_CONVERSION = YES;
				CLANG_WARN_INFINITE_RECURSION = YES;
				CLANG_WARN_INT_CONVERSION = YES;
				CLANG_WARN_NON_LITERAL_NULL_CONVERSION = YES;
				CLANG_WARN_OBJC_IMPLICIT_RETAIN_SELF = YES;
				CLANG_WARN_OBJC_LITERAL_CONVERSION = YES;
				CLANG_WARN_OBJC_ROOT_CLASS = YES_ERROR;
				CLANG_WARN_RANGE_LOOP_ANALYSIS = YES;
				CLANG_WARN_STRICT_PROTOTYPES = YES;
				CLANG_WARN_SUSPICIOUS_MOVE = YES;
				CLANG_WARN_UNGUARDED_AVAILABILITY = YES_AGGRESSIVE;
				CLANG_WARN_UNREACHABLE_CODE = YES;
				CLANG_WARN__DUPLICATE_METHOD_MATCH = YES;
				CODE_SIGN_IDENTITY = "iPhone Developer";
				COPY_PHASE_STRIP = NO;
				DEBUG_INFORMATION_FORMAT = dwarf;
				ENABLE_STRICT_OBJC_MSGSEND = YES;
				ENABLE_TESTABILITY = YES;
				GCC_C_LANGUAGE_STANDARD = gnu11;
				GCC_DYNAMIC_NO_PIC = NO;
				GCC_NO_COMMON_BLOCKS = YES;
				GCC_OPTIMIZATION_LEVEL = 0;
				GCC_PREPROCESSOR_DEFINITIONS = (
					"DEBUG=1",
					"$(inherited)",
				);
				GCC_WARN_64_TO_32_BIT_CONVERSION = YES;
				GCC_WARN_ABOUT_RETURN_TYPE = YES_ERROR;
				GCC_WARN_UNDECLARED_SELECTOR = YES;
				GCC_WARN_UNINITIALIZED_AUTOS = YES_AGGRESSIVE;
				GCC_WARN_UNUSED_FUNCTION = YES;
				GCC_WARN_UNUSED_VARIABLE = YES;
				IPHONEOS_DEPLOYMENT_TARGET = 12.2;
				MTL_ENABLE_DEBUG_INFO = INCLUDE_SOURCE;
				MTL_FAST_MATH = YES;
				ONLY_ACTIVE_ARCH = YES;
				SDKROOT = iphoneos;
				SWIFT_ACTIVE_COMPILATION_CONDITIONS = DEBUG;
				SWIFT_OPTIMIZATION_LEVEL = "-Onone";
			};
			name = Debug;
		};
		43546EB32251C08A005A0AB7 /* Release */ = {
			isa = XCBuildConfiguration;
			buildSettings = {
				ALWAYS_SEARCH_USER_PATHS = NO;
				CLANG_ANALYZER_NONNULL = YES;
				CLANG_ANALYZER_NUMBER_OBJECT_CONVERSION = YES_AGGRESSIVE;
				CLANG_CXX_LANGUAGE_STANDARD = "gnu++14";
				CLANG_CXX_LIBRARY = "libc++";
				CLANG_ENABLE_MODULES = YES;
				CLANG_ENABLE_OBJC_ARC = YES;
				CLANG_ENABLE_OBJC_WEAK = YES;
				CLANG_WARN_BLOCK_CAPTURE_AUTORELEASING = YES;
				CLANG_WARN_BOOL_CONVERSION = YES;
				CLANG_WARN_COMMA = YES;
				CLANG_WARN_CONSTANT_CONVERSION = YES;
				CLANG_WARN_DEPRECATED_OBJC_IMPLEMENTATIONS = YES;
				CLANG_WARN_DIRECT_OBJC_ISA_USAGE = YES_ERROR;
				CLANG_WARN_DOCUMENTATION_COMMENTS = YES;
				CLANG_WARN_EMPTY_BODY = YES;
				CLANG_WARN_ENUM_CONVERSION = YES;
				CLANG_WARN_INFINITE_RECURSION = YES;
				CLANG_WARN_INT_CONVERSION = YES;
				CLANG_WARN_NON_LITERAL_NULL_CONVERSION = YES;
				CLANG_WARN_OBJC_IMPLICIT_RETAIN_SELF = YES;
				CLANG_WARN_OBJC_LITERAL_CONVERSION = YES;
				CLANG_WARN_OBJC_ROOT_CLASS = YES_ERROR;
				CLANG_WARN_RANGE_LOOP_ANALYSIS = YES;
				CLANG_WARN_STRICT_PROTOTYPES = YES;
				CLANG_WARN_SUSPICIOUS_MOVE = YES;
				CLANG_WARN_UNGUARDED_AVAILABILITY = YES_AGGRESSIVE;
				CLANG_WARN_UNREACHABLE_CODE = YES;
				CLANG_WARN__DUPLICATE_METHOD_MATCH = YES;
				CODE_SIGN_IDENTITY = "iPhone Developer";
				COPY_PHASE_STRIP = NO;
				DEBUG_INFORMATION_FORMAT = "dwarf-with-dsym";
				ENABLE_NS_ASSERTIONS = NO;
				ENABLE_STRICT_OBJC_MSGSEND = YES;
				GCC_C_LANGUAGE_STANDARD = gnu11;
				GCC_NO_COMMON_BLOCKS = YES;
				GCC_WARN_64_TO_32_BIT_CONVERSION = YES;
				GCC_WARN_ABOUT_RETURN_TYPE = YES_ERROR;
				GCC_WARN_UNDECLARED_SELECTOR = YES;
				GCC_WARN_UNINITIALIZED_AUTOS = YES_AGGRESSIVE;
				GCC_WARN_UNUSED_FUNCTION = YES;
				GCC_WARN_UNUSED_VARIABLE = YES;
				IPHONEOS_DEPLOYMENT_TARGET = 12.2;
				MTL_ENABLE_DEBUG_INFO = NO;
				MTL_FAST_MATH = YES;
				SDKROOT = iphoneos;
				SWIFT_COMPILATION_MODE = wholemodule;
				SWIFT_OPTIMIZATION_LEVEL = "-O";
				VALIDATE_PRODUCT = YES;
			};
			name = Release;
		};
		43546EB52251C08A005A0AB7 /* Debug */ = {
			isa = XCBuildConfiguration;
			baseConfigurationReference = 5CA5734601FFAD9FE7212535 /* Pods-Expedia.debug.xcconfig */;
			buildSettings = {
				ASSETCATALOG_COMPILER_APPICON_NAME = AppIcon;
				CODE_SIGN_STYLE = Automatic;
				DEVELOPMENT_TEAM = V9MTC983FS;
				INFOPLIST_FILE = Expedia/Info.plist;
				LD_RUNPATH_SEARCH_PATHS = (
					"$(inherited)",
					"@executable_path/Frameworks",
				);
				PRODUCT_BUNDLE_IDENTIFIER = Rubin.Expedia;
				PRODUCT_NAME = "$(TARGET_NAME)";
				SWIFT_VERSION = 5.0;
				TARGETED_DEVICE_FAMILY = "1,2";
			};
			name = Debug;
		};
		43546EB62251C08A005A0AB7 /* Release */ = {
			isa = XCBuildConfiguration;
			baseConfigurationReference = 378C09F7F89F0B9622D594A1 /* Pods-Expedia.release.xcconfig */;
			buildSettings = {
				ASSETCATALOG_COMPILER_APPICON_NAME = AppIcon;
				CODE_SIGN_STYLE = Automatic;
				DEVELOPMENT_TEAM = V9MTC983FS;
				INFOPLIST_FILE = Expedia/Info.plist;
				LD_RUNPATH_SEARCH_PATHS = (
					"$(inherited)",
					"@executable_path/Frameworks",
				);
				PRODUCT_BUNDLE_IDENTIFIER = Rubin.Expedia;
				PRODUCT_NAME = "$(TARGET_NAME)";
				SWIFT_VERSION = 5.0;
				TARGETED_DEVICE_FAMILY = "1,2";
			};
			name = Release;
		};
		43546EB82251C08A005A0AB7 /* Debug */ = {
			isa = XCBuildConfiguration;
			baseConfigurationReference = 949CE30D6BDD36085C79E80B /* Pods-ExpediaTests.debug.xcconfig */;
			buildSettings = {
				ALWAYS_EMBED_SWIFT_STANDARD_LIBRARIES = YES;
				BUNDLE_LOADER = "$(TEST_HOST)";
				CODE_SIGN_STYLE = Automatic;
				DEVELOPMENT_TEAM = V9MTC983FS;
				INFOPLIST_FILE = ExpediaTests/Info.plist;
				LD_RUNPATH_SEARCH_PATHS = (
					"$(inherited)",
					"@executable_path/Frameworks",
					"@loader_path/Frameworks",
				);
				PRODUCT_BUNDLE_IDENTIFIER = Rubin.ExpediaTests;
				PRODUCT_NAME = "$(TARGET_NAME)";
				SWIFT_VERSION = 5.0;
				TARGETED_DEVICE_FAMILY = "1,2";
				TEST_HOST = "$(BUILT_PRODUCTS_DIR)/Expedia.app/Expedia";
			};
			name = Debug;
		};
		43546EB92251C08A005A0AB7 /* Release */ = {
			isa = XCBuildConfiguration;
			baseConfigurationReference = 8AA5024A2DBF299A76E4DE23 /* Pods-ExpediaTests.release.xcconfig */;
			buildSettings = {
				ALWAYS_EMBED_SWIFT_STANDARD_LIBRARIES = YES;
				BUNDLE_LOADER = "$(TEST_HOST)";
				CODE_SIGN_STYLE = Automatic;
				DEVELOPMENT_TEAM = V9MTC983FS;
				INFOPLIST_FILE = ExpediaTests/Info.plist;
				LD_RUNPATH_SEARCH_PATHS = (
					"$(inherited)",
					"@executable_path/Frameworks",
					"@loader_path/Frameworks",
				);
				PRODUCT_BUNDLE_IDENTIFIER = Rubin.ExpediaTests;
				PRODUCT_NAME = "$(TARGET_NAME)";
				SWIFT_VERSION = 5.0;
				TARGETED_DEVICE_FAMILY = "1,2";
				TEST_HOST = "$(BUILT_PRODUCTS_DIR)/Expedia.app/Expedia";
			};
			name = Release;
		};
		43546EBB2251C08A005A0AB7 /* Debug */ = {
			isa = XCBuildConfiguration;
			baseConfigurationReference = F5BC6D27600D15E7EAF93817 /* Pods-ExpediaUITests.debug.xcconfig */;
			buildSettings = {
				ALWAYS_EMBED_SWIFT_STANDARD_LIBRARIES = YES;
				CODE_SIGN_STYLE = Automatic;
				DEVELOPMENT_TEAM = V9MTC983FS;
				INFOPLIST_FILE = ExpediaUITests/Info.plist;
				LD_RUNPATH_SEARCH_PATHS = (
					"$(inherited)",
					"@executable_path/Frameworks",
					"@loader_path/Frameworks",
				);
				PRODUCT_BUNDLE_IDENTIFIER = Rubin.ExpediaUITests;
				PRODUCT_NAME = "$(TARGET_NAME)";
				SWIFT_VERSION = 5.0;
				TARGETED_DEVICE_FAMILY = "1,2";
				TEST_TARGET_NAME = Expedia;
			};
			name = Debug;
		};
		43546EBC2251C08A005A0AB7 /* Release */ = {
			isa = XCBuildConfiguration;
			baseConfigurationReference = CD7E3FBFD38A929E2E8E4E42 /* Pods-ExpediaUITests.release.xcconfig */;
			buildSettings = {
				ALWAYS_EMBED_SWIFT_STANDARD_LIBRARIES = YES;
				CODE_SIGN_STYLE = Automatic;
				DEVELOPMENT_TEAM = V9MTC983FS;
				INFOPLIST_FILE = ExpediaUITests/Info.plist;
				LD_RUNPATH_SEARCH_PATHS = (
					"$(inherited)",
					"@executable_path/Frameworks",
					"@loader_path/Frameworks",
				);
				PRODUCT_BUNDLE_IDENTIFIER = Rubin.ExpediaUITests;
				PRODUCT_NAME = "$(TARGET_NAME)";
				SWIFT_VERSION = 5.0;
				TARGETED_DEVICE_FAMILY = "1,2";
				TEST_TARGET_NAME = Expedia;
			};
			name = Release;
		};
/* End XCBuildConfiguration section */

/* Begin XCConfigurationList section */
		43546E872251C087005A0AB7 /* Build configuration list for PBXProject "Expedia" */ = {
			isa = XCConfigurationList;
			buildConfigurations = (
				43546EB22251C08A005A0AB7 /* Debug */,
				43546EB32251C08A005A0AB7 /* Release */,
			);
			defaultConfigurationIsVisible = 0;
			defaultConfigurationName = Release;
		};
		43546EB42251C08A005A0AB7 /* Build configuration list for PBXNativeTarget "Expedia" */ = {
			isa = XCConfigurationList;
			buildConfigurations = (
				43546EB52251C08A005A0AB7 /* Debug */,
				43546EB62251C08A005A0AB7 /* Release */,
			);
			defaultConfigurationIsVisible = 0;
			defaultConfigurationName = Release;
		};
		43546EB72251C08A005A0AB7 /* Build configuration list for PBXNativeTarget "ExpediaTests" */ = {
			isa = XCConfigurationList;
			buildConfigurations = (
				43546EB82251C08A005A0AB7 /* Debug */,
				43546EB92251C08A005A0AB7 /* Release */,
			);
			defaultConfigurationIsVisible = 0;
			defaultConfigurationName = Release;
		};
		43546EBA2251C08A005A0AB7 /* Build configuration list for PBXNativeTarget "ExpediaUITests" */ = {
			isa = XCConfigurationList;
			buildConfigurations = (
				43546EBB2251C08A005A0AB7 /* Debug */,
				43546EBC2251C08A005A0AB7 /* Release */,
			);
			defaultConfigurationIsVisible = 0;
			defaultConfigurationName = Release;
		};
/* End XCConfigurationList section */
	};
	rootObject = 43546E842251C087005A0AB7 /* Project object */;
}
