PODS:
  - Alamofire (4.8.1)
  - SegementSlide (2.0)
  - SnapKit (4.2.0)
  - SwiftyJSON (4.2.0)
  - TextFieldEffects (1.5.1)
  - XLPagerTabStrip (8.1.1)

DEPENDENCIES:
  - Alamofire (~> 4.7)
  - SegementSlide
  - SnapKit
  - SwiftyJSON
  - TextFieldEffects
  - XLPagerTabStrip

SPEC REPOS:
  https://github.com/cocoapods/specs.git:
    - Alamofire
    - SegementSlide
    - SnapKit
    - SwiftyJSON
    - TextFieldEffects
    - XLPagerTabStrip

SPEC CHECKSUMS:
  Alamofire: 16ce2c353fb72865124ddae8a57c5942388f4f11
  SegementSlide: aa376424a196e11846cb2f58428e10648849d1ac
  SnapKit: fe8a619752f3f27075cc9a90244d75c6c3f27e2a
  SwiftyJSON: c4bcba26dd9ec7a027fc8eade48e2c911f229e96
  TextFieldEffects: 7d372f58aeaf9acd9626bbf962680aef926b085d
  XLPagerTabStrip: 63166e21c9844fa30f2d95d30f335e73be5caf22

PODFILE CHECKSUM: 16b75f88058b7f01fddf3e08205079668e7dbeb0

COCOAPODS: 1.6.1
